
Microsoft Visual Studio Solution File, Format Version 12.00
# Visual Studio Version 16
VisualStudioVersion = 16.0.30114.105
MinimumVisualStudioVersion = 10.0.40219.1
Project("{F2A71F9B-5D33-465A-A702-920D77279786}") = "day1", "day1\day1.fsproj", "{49AF00C8-66BB-46AB-8BBD-655CE6B7C8A7}"
EndProject
Project("{F2A71F9B-5D33-465A-A702-920D77279786}") = "CommonHelpers", "CommonHelpers\CommonHelpers.fsproj", "{E0E16685-EA51-4AE3-B7F5-22E5240E444F}"
EndProject
Project("{F2A71F9B-5D33-465A-A702-920D77279786}") = "day2", "day2\day2.fsproj", "{0F6D7CF8-2F73-43A2-A31A-3396C7A989F8}"
EndProject
Project("{F2A71F9B-5D33-465A-A702-920D77279786}") = "day3", "day3\day3.fsproj", "{5D87943C-4480-4837-97FE-2E829038A49A}"
EndProject
Project("{F2A71F9B-5D33-465A-A702-920D77279786}") = "day4", "day4\day4.fsproj", "{F2AE5205-6920-4B48-B85D-74826F21D24E}"
EndProject
Project("{F2A71F9B-5D33-465A-A702-920D77279786}") = "day5", "day5\day5.fsproj", "{6105DE2E-EA8E-475F-822E-25BED26EABD4}"
EndProject
Project("{F2A71F9B-5D33-465A-A702-920D77279786}") = "day6", "day6\day6.fsproj", "{510CA77F-0C17-4742-B282-D80E7AF215E6}"
EndProject
Project("{F2A71F9B-5D33-465A-A702-920D77279786}") = "day7", "day7\day7.fsproj", "{295CBF3B-0CB5-4E92-9250-DCD2DC25E459}"
EndProject
Project("{F2A71F9B-5D33-465A-A702-920D77279786}") = "day8", "day8\day8.fsproj", "{0243B3EB-1C8D-4A7B-A13E-7CB139383CE1}"
EndProject
Project("{F2A71F9B-5D33-465A-A702-920D77279786}") = "day9", "day9\day9.fsproj", "{C6235BE5-7BFB-4627-921E-061F8BB8D78B}"
EndProject
Global
	GlobalSection(SolutionConfigurationPlatforms) = preSolution
		Debug|Any CPU = Debug|Any CPU
		Release|Any CPU = Release|Any CPU
	EndGlobalSection
	GlobalSection(SolutionProperties) = preSolution
		HideSolutionNode = FALSE
	EndGlobalSection
	GlobalSection(ProjectConfigurationPlatforms) = postSolution
		{49AF00C8-66BB-46AB-8BBD-655CE6B7C8A7}.Debug|Any CPU.ActiveCfg = Debug|Any CPU
		{49AF00C8-66BB-46AB-8BBD-655CE6B7C8A7}.Debug|Any CPU.Build.0 = Debug|Any CPU
		{49AF00C8-66BB-46AB-8BBD-655CE6B7C8A7}.Release|Any CPU.ActiveCfg = Release|Any CPU
		{49AF00C8-66BB-46AB-8BBD-655CE6B7C8A7}.Release|Any CPU.Build.0 = Release|Any CPU
		{E0E16685-EA51-4AE3-B7F5-22E5240E444F}.Debug|Any CPU.ActiveCfg = Debug|Any CPU
		{E0E16685-EA51-4AE3-B7F5-22E5240E444F}.Debug|Any CPU.Build.0 = Debug|Any CPU
		{E0E16685-EA51-4AE3-B7F5-22E5240E444F}.Release|Any CPU.ActiveCfg = Release|Any CPU
		{E0E16685-EA51-4AE3-B7F5-22E5240E444F}.Release|Any CPU.Build.0 = Release|Any CPU
		{0F6D7CF8-2F73-43A2-A31A-3396C7A989F8}.Debug|Any CPU.ActiveCfg = Debug|Any CPU
		{0F6D7CF8-2F73-43A2-A31A-3396C7A989F8}.Debug|Any CPU.Build.0 = Debug|Any CPU
		{0F6D7CF8-2F73-43A2-A31A-3396C7A989F8}.Release|Any CPU.ActiveCfg = Release|Any CPU
		{0F6D7CF8-2F73-43A2-A31A-3396C7A989F8}.Release|Any CPU.Build.0 = Release|Any CPU
		{5D87943C-4480-4837-97FE-2E829038A49A}.Debug|Any CPU.ActiveCfg = Debug|Any CPU
		{5D87943C-4480-4837-97FE-2E829038A49A}.Debug|Any CPU.Build.0 = Debug|Any CPU
		{5D87943C-4480-4837-97FE-2E829038A49A}.Release|Any CPU.ActiveCfg = Release|Any CPU
		{5D87943C-4480-4837-97FE-2E829038A49A}.Release|Any CPU.Build.0 = Release|Any CPU
		{F2AE5205-6920-4B48-B85D-74826F21D24E}.Debug|Any CPU.ActiveCfg = Debug|Any CPU
		{F2AE5205-6920-4B48-B85D-74826F21D24E}.Debug|Any CPU.Build.0 = Debug|Any CPU
		{F2AE5205-6920-4B48-B85D-74826F21D24E}.Release|Any CPU.ActiveCfg = Release|Any CPU
		{F2AE5205-6920-4B48-B85D-74826F21D24E}.Release|Any CPU.Build.0 = Release|Any CPU
		{6105DE2E-EA8E-475F-822E-25BED26EABD4}.Debug|Any CPU.ActiveCfg = Debug|Any CPU
		{6105DE2E-EA8E-475F-822E-25BED26EABD4}.Debug|Any CPU.Build.0 = Debug|Any CPU
		{6105DE2E-EA8E-475F-822E-25BED26EABD4}.Release|Any CPU.ActiveCfg = Release|Any CPU
		{6105DE2E-EA8E-475F-822E-25BED26EABD4}.Release|Any CPU.Build.0 = Release|Any CPU
		{510CA77F-0C17-4742-B282-D80E7AF215E6}.Debug|Any CPU.ActiveCfg = Debug|Any CPU
		{510CA77F-0C17-4742-B282-D80E7AF215E6}.Debug|Any CPU.Build.0 = Debug|Any CPU
		{510CA77F-0C17-4742-B282-D80E7AF215E6}.Release|Any CPU.ActiveCfg = Release|Any CPU
		{510CA77F-0C17-4742-B282-D80E7AF215E6}.Release|Any CPU.Build.0 = Release|Any CPU
		{295CBF3B-0CB5-4E92-9250-DCD2DC25E459}.Debug|Any CPU.ActiveCfg = Debug|Any CPU
		{295CBF3B-0CB5-4E92-9250-DCD2DC25E459}.Debug|Any CPU.Build.0 = Debug|Any CPU
		{295CBF3B-0CB5-4E92-9250-DCD2DC25E459}.Release|Any CPU.ActiveCfg = Release|Any CPU
		{295CBF3B-0CB5-4E92-9250-DCD2DC25E459}.Release|Any CPU.Build.0 = Release|Any CPU
		{0243B3EB-1C8D-4A7B-A13E-7CB139383CE1}.Debug|Any CPU.ActiveCfg = Debug|Any CPU
		{0243B3EB-1C8D-4A7B-A13E-7CB139383CE1}.Debug|Any CPU.Build.0 = Debug|Any CPU
		{0243B3EB-1C8D-4A7B-A13E-7CB139383CE1}.Release|Any CPU.ActiveCfg = Release|Any CPU
		{0243B3EB-1C8D-4A7B-A13E-7CB139383CE1}.Release|Any CPU.Build.0 = Release|Any CPU
		{C6235BE5-7BFB-4627-921E-061F8BB8D78B}.Debug|Any CPU.ActiveCfg = Debug|Any CPU
		{C6235BE5-7BFB-4627-921E-061F8BB8D78B}.Debug|Any CPU.Build.0 = Debug|Any CPU
		{C6235BE5-7BFB-4627-921E-061F8BB8D78B}.Release|Any CPU.ActiveCfg = Release|Any CPU
		{C6235BE5-7BFB-4627-921E-061F8BB8D78B}.Release|Any CPU.Build.0 = Release|Any CPU
	EndGlobalSection
EndGlobal
